{
  "name": "AutoBaomiGuan",
  "lockfileVersion": 3,
  "requires": true,
  "packages": {
    "": {
      "dependencies": {
        "nodejs-jsencrypt": "^3.0.0-rc.1"
      }
    },
    "node_modules/nodejs-jsencrypt": {
      "version": "3.0.0-rc.1",
      "resolved": "https://registry.npmmirror.com/nodejs-jsencrypt/-/nodejs-jsencrypt-3.0.0-rc.1.tgz",
      "integrity": "sha512-5y7zGNMYw2JRDXhfHiH4mS4/wcnaUAHMzpN7RvfmvTJFQXLhJZEh/5vmHyiHoTeKAjhdoJpZasKAaIFLrM1zfQ=="
    }
  }
}
